Microsoft Visual Studio Solution File, Format Version 12.00
# Visual Studio Version 17
VisualStudioVersion = 17.5.2.0
MinimumVisualStudioVersion = 10.0.40219.1
Project("{FAE04EC0-301F-11D3-BF4B-00C04F79EFBC}") = "RestaurantOrdering", "RestaurantOrdering.csproj", "{09DE6173-7C4E-58F1-9D95-3E38F0FAF8C2}"
EndProject
Global
	GlobalSection(SolutionConfigurationPlatforms) = preSolution
		Debug|Any CPU = Debug|Any CPU
		Release|Any CPU = Release|Any CPU
	EndGlobalSection
	GlobalSection(ProjectConfigurationPlatforms) = postSolution
		{09DE6173-7C4E-58F1-9D95-3E38F0FAF8C2}.Debug|Any CPU.ActiveCfg = Debug|Any CPU
		{09DE6173-7C4E-58F1-9D95-3E38F0FAF8C2}.Debug|Any CPU.Build.0 = Debug|Any CPU
		{09DE6173-7C4E-58F1-9D95-3E38F0FAF8C2}.Release|Any CPU.ActiveCfg = Release|Any CPU
		{09DE6173-7C4E-58F1-9D95-3E38F0FAF8C2}.Release|Any CPU.Build.0 = Release|Any CPU
	EndGlobalSection
	GlobalSection(SolutionProperties) = preSolution
		HideSolutionNode = FALSE
	EndGlobalSection
	GlobalSection(ExtensibilityGlobals) = postSolution
		SolutionGuid = {EF9931F6-42F4-41A8-94A0-05CBA66F8C31}
	EndGlobalSection
EndGlobal
